
Microsoft Visual Studio Solution File, Format Version 12.00
# Visual Studio 15
VisualStudioVersion = 15.0.27004.2009
MinimumVisualStudioVersion = 10.0.40219.1
Project("{FAE04EC0-301F-11D3-BF4B-00C04F79EFBC}") = "Running", "Running\Running.csproj", "{4D1E4A0F-726D-49C2-8E1D-6DA4F33E096A}"
EndProject
Global
	GlobalSection(SolutionConfigurationPlatforms) = preSolution
		Debug|Any CPU = Debug|Any CPU
		Release|Any CPU = Release|Any CPU
	EndGlobalSection
	GlobalSection(ProjectConfigurationPlatforms) = postSolution
		{4D1E4A0F-726D-49C2-8E1D-6DA4F33E096A}.Debug|Any CPU.ActiveCfg = Debug|Any CPU
		{4D1E4A0F-726D-49C2-8E1D-6DA4F33E096A}.Debug|Any CPU.Build.0 = Debug|Any CPU
		{4D1E4A0F-726D-49C2-8E1D-6DA4F33E096A}.Debug|Any CPU.Deploy.0 = Debug|Any CPU
		{4D1E4A0F-726D-49C2-8E1D-6DA4F33E096A}.Release|Any CPU.ActiveCfg = Release|Any CPU
		{4D1E4A0F-726D-49C2-8E1D-6DA4F33E096A}.Release|Any CPU.Build.0 = Release|Any CPU
		{4D1E4A0F-726D-49C2-8E1D-6DA4F33E096A}.Release|Any CPU.Deploy.0 = Release|Any CPU
	EndGlobalSection
	GlobalSection(SolutionProperties) = preSolution
		HideSolutionNode = FALSE
	EndGlobalSection
	GlobalSection(ExtensibilityGlobals) = postSolution
		SolutionGuid = {02B060CB-6D4C-44B6-8C1C-829BAF1C9DE1}
	EndGlobalSection
EndGlobal
